{
	"name": "@allisonhope10/table",
	"version": "1.0.2",
	"lockfileVersion": 1,
	"requires": true,
	"dependencies": {
		"@allisonhope10/button": {
			"version": "1.0.2",
			"resolved": "https://registry.npmjs.org/@allisonhope10/button/-/button-1.0.2.tgz",
			"integrity": "sha512-fjVUTzLlyeW2kT4c/uY5ZTjd9DJtpMOlfd51Ny/us0zwMyAfWoQhAkGyy5Z28KpbtrIWuISVr2bq0ViANV4Efw==",
			"requires": {
				"lodash": "^4.17.15"
			}
		},
		"@allisonhope10/text": {
			"version": "1.0.2",
			"resolved": "https://registry.npmjs.org/@allisonhope10/text/-/text-1.0.2.tgz",
			"integrity": "sha512-xO0FxcDZPY7L8jBfX63LU2MQdTwv7kMafc6VNxG0IJJnGfinb7PF01BOL9H5J9jNffMm0n72bfzf+C/bg+hl/w==",
			"requires": {
				"lodash": "^4.17.15"
			}
		},
		"lodash": {
			"version": "4.17.21",
			"resolved": "https://registry.npmjs.org/lodash/-/lodash-4.17.21.tgz",
			"integrity": "sha512-v2kDEe57lecTulaDIuNTPy3Ry4gLGJ6Z1O3vE1krgXZNrsQ+LFTGHVxVjcXPs17LhbZVGedAJv8XZ1tvj5FvSg=="
		}
	}
}
